
Microsoft Visual Studio Solution File, Format Version 12.00
# Visual Studio Version 17
VisualStudioVersion = 17.5.33530.505
MinimumVisualStudioVersion = 10.0.40219.1
Project("{FAE04EC0-301F-11D3-BF4B-00C04F79EFBC}") = "DAT602-Project", "DAT602-Project\DAT602-Project.csproj", "{9BDDF6D8-2840-4C3D-97AA-25E4AAA2017B}"
EndProject
Global
	GlobalSection(SolutionConfigurationPlatforms) = preSolution
		Debug|Any CPU = Debug|Any CPU
		Release|Any CPU = Release|Any CPU
	EndGlobalSection
	GlobalSection(ProjectConfigurationPlatforms) = postSolution
		{9BDDF6D8-2840-4C3D-97AA-25E4AAA2017B}.Debug|Any CPU.ActiveCfg = Debug|Any CPU
		{9BDDF6D8-2840-4C3D-97AA-25E4AAA2017B}.Debug|Any CPU.Build.0 = Debug|Any CPU
		{9BDDF6D8-2840-4C3D-97AA-25E4AAA2017B}.Release|Any CPU.ActiveCfg = Release|Any CPU
		{9BDDF6D8-2840-4C3D-97AA-25E4AAA2017B}.Release|Any CPU.Build.0 = Release|Any CPU
	EndGlobalSection
	GlobalSection(SolutionProperties) = preSolution
		HideSolutionNode = FALSE
	EndGlobalSection
	GlobalSection(ExtensibilityGlobals) = postSolution
		SolutionGuid = {302E58C6-802F-4E35-B330-E0A1ECF0AD3E}
	EndGlobalSection
EndGlobal
